{
  "name": "inzynierka",
  "lockfileVersion": 3,
  "requires": true,
  "packages": {
    "": {
      "dependencies": {
        "keycloak-angular": "^14.0.0",
        "keycloak-js": "^21.1.1"
      }
    },
    "node_modules/@angular/common": {
      "version": "16.0.3",
      "resolved": "https://registry.npmjs.org/@angular/common/-/common-16.0.3.tgz",
      "integrity": "sha512-pN1Mz2xwPs9+W3i+wBletdPMJC+exP9dCdy+iSG5pwpvii1jF3CbstHAPE/pmsoUlQ9nN+vrFowDAXVV7FQpWw==",
      "peer": true,
      "dependencies": {
        "tslib": "^2.3.0"
      },
      "engines": {
        "node": "^16.14.0 || >=18.10.0"
      },
      "peerDependencies": {
        "@angular/core": "16.0.3",
        "rxjs": "^6.5.3 || ^7.4.0"
      }
    },
    "node_modules/@angular/core": {
      "version": "16.0.3",
      "resolved": "https://registry.npmjs.org/@angular/core/-/core-16.0.3.tgz",
      "integrity": "sha512-vaUOLgDk03aKDHX6jtv4NEDB6gEBCXvgTpvsTmDUXcCa9WxyXs4Ak22q9ZyNln8/7UG5Uo1gTn90FlOAh9jHww==",
      "peer": true,
      "dependencies": {
        "tslib": "^2.3.0"
      },
      "engines": {
        "node": "^16.14.0 || >=18.10.0"
      },
      "peerDependencies": {
        "rxjs": "^6.5.3 || ^7.4.0",
        "zone.js": "~0.13.0"
      }
    },
    "node_modules/@angular/platform-browser": {
      "version": "16.0.3",
      "resolved": "https://registry.npmjs.org/@angular/platform-browser/-/platform-browser-16.0.3.tgz",
      "integrity": "sha512-3YzRixYdmFhmTauHhnwLAHq1SOmHCk2VfUYsSfGyZM71DGMGXvUYVPZ00IE1+Hoh61ulv9do4+FDcGhB+r2Huw==",
      "peer": true,
      "dependencies": {
        "tslib": "^2.3.0"
      },
      "engines": {
        "node": "^16.14.0 || >=18.10.0"
      },
      "peerDependencies": {
        "@angular/animations": "16.0.3",
        "@angular/common": "16.0.3",
        "@angular/core": "16.0.3"
      },
      "peerDependenciesMeta": {
        "@angular/animations": {
          "optional": true
        }
      }
    },
    "node_modules/@angular/router": {
      "version": "16.0.3",
      "resolved": "https://registry.npmjs.org/@angular/router/-/router-16.0.3.tgz",
      "integrity": "sha512-0ckLBbpMi0F7o5sJKis5kWxu7UzkJa4/5K3pDEFd301Ira8c/9LiSMqtFZ1bLGKVjwlpNJKnkq+k0KfmyyGHMw==",
      "peer": true,
      "dependencies": {
        "tslib": "^2.3.0"
      },
      "engines": {
        "node": "^16.14.0 || >=18.10.0"
      },
      "peerDependencies": {
        "@angular/common": "16.0.3",
        "@angular/core": "16.0.3",
        "@angular/platform-browser": "16.0.3",
        "rxjs": "^6.5.3 || ^7.4.0"
      }
    },
    "node_modules/base64-js": {
      "version": "1.5.1",
      "resolved": "https://registry.npmjs.org/base64-js/-/base64-js-1.5.1.tgz",
      "integrity": "sha512-AKpaYlHn8t4SVbOHCy+b5+KKgvR4vrsD8vbvrbiQJps7fKDTkjkDry6ji0rUJjC0kzbNePLwzxq8iypo41qeWA==",
      "funding": [
        {
          "type": "github",
          "url": "https://github.com/sponsors/feross"
        },
        {
          "type": "patreon",
          "url": "https://www.patreon.com/feross"
        },
        {
          "type": "consulting",
          "url": "https://feross.org/support"
        }
      ]
    },
    "node_modules/js-sha256": {
      "version": "0.9.0",
      "resolved": "https://registry.npmjs.org/js-sha256/-/js-sha256-0.9.0.tgz",
      "integrity": "sha512-sga3MHh9sgQN2+pJ9VYZ+1LPwXOxuBJBA5nrR5/ofPfuiJBE2hnjsaN8se8JznOmGLN2p49Pe5U/ttafcs/apA=="
    },
    "node_modules/keycloak-angular": {
      "version": "14.0.0",
      "resolved": "https://registry.npmjs.org/keycloak-angular/-/keycloak-angular-14.0.0.tgz",
      "integrity": "sha512-MbXdOz0omPkwzTpKTtaLPrbEoWiNM9zY/qi3JnVepV6zGRRFrzPu3uvz/1nsU+fio0lHcjkjPVLmp/06+kBWZg==",
      "dependencies": {
        "tslib": "^2.3.1"
      },
      "peerDependencies": {
        "@angular/common": "^16",
        "@angular/core": "^16",
        "@angular/router": "^16",
        "keycloak-js": "^18 || ^19 || ^20 || ^21"
      }
    },
    "node_modules/keycloak-js": {
      "version": "21.1.1",
      "resolved": "https://registry.npmjs.org/keycloak-js/-/keycloak-js-21.1.1.tgz",
      "integrity": "sha512-Viyhf0SOpu2jM/A33vpigSCFLo8l4yg8lqzaGyxXoZ3nGO9lo68B2LwJBDtgpzqDUh8DK//yCOzdWuR2CT4keA==",
      "dependencies": {
        "base64-js": "^1.5.1",
        "js-sha256": "^0.9.0"
      }
    },
    "node_modules/rxjs": {
      "version": "7.8.1",
      "resolved": "https://registry.npmjs.org/rxjs/-/rxjs-7.8.1.tgz",
      "integrity": "sha512-AA3TVj+0A2iuIoQkWEK/tqFjBq2j+6PO6Y0zJcvzLAFhEFIO3HL0vls9hWLncZbAAbK0mar7oZ4V079I/qPMxg==",
      "peer": true,
      "dependencies": {
        "tslib": "^2.1.0"
      }
    },
    "node_modules/tslib": {
      "version": "2.5.2",
      "resolved": "https://registry.npmjs.org/tslib/-/tslib-2.5.2.tgz",
      "integrity": "sha512-5svOrSA2w3iGFDs1HibEVBGbDrAY82bFQ3HZ3ixB+88nsbsWQoKqDRb5UBYAUPEzbBn6dAp5gRNXglySbx1MlA=="
    },
    "node_modules/zone.js": {
      "version": "0.13.0",
      "resolved": "https://registry.npmjs.org/zone.js/-/zone.js-0.13.0.tgz",
      "integrity": "sha512-7m3hNNyswsdoDobCkYNAy5WiUulkMd3+fWaGT9ij6iq3Zr/IwJo4RMCYPSDjT+r7tnPErmY9sZpKhWQ8S5k6XQ==",
      "peer": true,
      "dependencies": {
        "tslib": "^2.3.0"
      }
    }
  }
}
